Microsoft Visual Studio Solution File, Format Version 11.00
# Visual Studio 2008

Project("{88C16C77-44EB-518B-8699-6BD724ABC077}") = "Republique", "Assembly-CSharp-firstpass.csproj", "{05B20328-56E5-794E-DFDF-FED549C1B434}"
EndProject
Project("{88C16C77-44EB-518B-8699-6BD724ABC077}") = "Republique", "Assembly-CSharp.csproj", "{A49F93B3-6D1B-A97A-0A05-41333C8A0C33}"
EndProject
Global
	GlobalSection(SolutionConfigurationPlatforms) = preSolution
		Debug|Any CPU = Debug|Any CPU
		Release|Any CPU = Release|Any CPU
	EndGlobalSection
	GlobalSection(ProjectConfigurationPlatforms) = postSolution
		{05B20328-56E5-794E-DFDF-FED549C1B434}.Debug|Any CPU.ActiveCfg = Debug|Any CPU
		{05B20328-56E5-794E-DFDF-FED549C1B434}.Debug|Any CPU.Build.0 = Debug|Any CPU
		{05B20328-56E5-794E-DFDF-FED549C1B434}.Release|Any CPU.ActiveCfg = Release|Any CPU
		{05B20328-56E5-794E-DFDF-FED549C1B434}.Release|Any CPU.Build.0 = Release|Any CPU
		{A49F93B3-6D1B-A97A-0A05-41333C8A0C33}.Debug|Any CPU.ActiveCfg = Debug|Any CPU
		{A49F93B3-6D1B-A97A-0A05-41333C8A0C33}.Debug|Any CPU.Build.0 = Debug|Any CPU
		{A49F93B3-6D1B-A97A-0A05-41333C8A0C33}.Release|Any CPU.ActiveCfg = Release|Any CPU
		{A49F93B3-6D1B-A97A-0A05-41333C8A0C33}.Release|Any CPU.Build.0 = Release|Any CPU
	EndGlobalSection
	GlobalSection(SolutionProperties) = preSolution
		HideSolutionNode = FALSE
	EndGlobalSection
	GlobalSection(MonoDevelopProperties) = preSolution
		StartupItem = Assembly-CSharp.csproj
	EndGlobalSection
EndGlobal
